
Microsoft Visual Studio Solution File, Format Version 12.00
# Visual Studio Version 17
VisualStudioVersion = 17.4.33205.214
MinimumVisualStudioVersion = 10.0.40219.1
Project("{FAE04EC0-301F-11D3-BF4B-00C04F79EFBC}") = "WeatherApp", "WeatherApp\WeatherApp.csproj", "{D661A8FB-1A6E-4F92-ACF5-8314220607BF}"
EndProject
Global
	GlobalSection(SolutionConfigurationPlatforms) = preSolution
		Debug|Any CPU = Debug|Any CPU
		Release|Any CPU = Release|Any CPU
	EndGlobalSection
	GlobalSection(ProjectConfigurationPlatforms) = postSolution
		{D661A8FB-1A6E-4F92-ACF5-8314220607BF}.Debug|Any CPU.ActiveCfg = Debug|Any CPU
		{D661A8FB-1A6E-4F92-ACF5-8314220607BF}.Debug|Any CPU.Build.0 = Debug|Any CPU
		{D661A8FB-1A6E-4F92-ACF5-8314220607BF}.Release|Any CPU.ActiveCfg = Release|Any CPU
		{D661A8FB-1A6E-4F92-ACF5-8314220607BF}.Release|Any CPU.Build.0 = Release|Any CPU
	EndGlobalSection
	GlobalSection(SolutionProperties) = preSolution
		HideSolutionNode = FALSE
	EndGlobalSection
	GlobalSection(ExtensibilityGlobals) = postSolution
		SolutionGuid = {288B0BFE-53C7-441B-85A7-08783FC68847}
	EndGlobalSection
EndGlobal
